<Solution>
  <Project Path="baitap2bai10.cs/baitap2bai10.cs.csproj" Id="2fc12833-b07f-4944-a5ff-637e57795be9" />
  <Project Path="baitap2bai7.cs/baitap2bai7.cs.csproj" Id="2a4aa985-73e4-45c7-8efb-3e75570d1b9b" />
  <Project Path="baitap2bai8/baitap2bai8.cs.csproj" Id="fc8de773-c4bd-4cd4-91a4-c063c058a172" />
  <Project Path="baitap2bai9.cs/baitap2bai9.cs.csproj" Id="5794ce22-fc6d-4089-9055-0b6c9d64276c" />
  <Project Path="bt2/bt2.csproj" />
  <Project Path="ConsoleApp1/ConsoleApp1.csproj" Id="4959d810-efed-45ac-bfd3-16444b408dc7" />
  <Project Path="ConsoleApp2/ConsoleApp2.csproj" Id="46bd1ea9-c8bc-4b25-b446-23126656dc01" />
  <Project Path="ConsoleApp3/ConsoleApp3.csproj" Id="f1f15c04-86c8-4e4e-a222-3d1d2349ea22" />
  <Project Path="ConsoleApp4/baitap2bai5.cs.csproj" Id="74fddd39-bc69-473a-a4d6-58299510c888" />
  <Project Path="ConsoleApp5/baitap2bai6.cs.csproj" Id="dfcdcea2-1961-4549-97ae-a6d56433b41e" />
</Solution>
