<Solution>
  <Project Path="../../../../../../source/repos/bt2/bt1/bt1.csproj" Id="6ff8aef4-2525-4896-9231-ab6a30a8441b" />
  <Project Path="../../../../../../source/repos/bt2/btthuchanh/btthuchanh.csproj" Id="1f87ac39-a24f-41dc-b498-f4e1e94ec027" />
  <Project Path="../../../../../../source/repos/bt2/c#04/c#04.csproj" Id="a815a17d-a5ed-433b-bc89-08866aa4dd4c" />
  <Project Path="../../../../../../source/repos/bt2/chuvivadientichinhtron/chuvivadientichinhtron.csproj" Id="4adc9d31-864f-40f8-a86f-c73b2c0f908c" />
  <Project Path="../../../../../../source/repos/bt2/ifelse/ifelse.csproj" Id="47756769-9baa-43a0-b37b-848999477109" />
  <Project Path="../../../../../../source/repos/bt2/ptbac2/ptbac2.csproj" Id="05e31803-b897-481a-9261-861ea57f708c" />
  <Project Path="../../../../../../source/repos/bt2/timthangtrongnam/TIM GOC PHAN TU CUA TOA DO.csproj" Id="c4154f11-48dd-4f75-93c4-df7e62403eef" />
  <Project Path="../../../../../../source/repos/bt2/toantu3so/toantu3so.csproj" Id="8b8d974b-ddc7-4e85-96c9-df04ce7792c5" />
  <Project Path="../../../../../../source/repos/bt2/truefalse/truefalse.csproj" Id="722073f2-fdfe-4505-a4c3-808c9e01d69e" />
</Solution>
